
Microsoft Visual Studio Solution File, Format Version 12.00
# Visual Studio Version 16
VisualStudioVersion = 16.0.30204.135
MinimumVisualStudioVersion = 15.0.26124.0
Project("{9A19103F-16F7-4668-BE54-9A1E7A4F7556}") = "MathFunctions.App", "MathFunctions.App\MathFunctions.App.csproj", "{4887CE48-3835-474E-ADD5-1A3EC66274B4}"
EndProject
Project("{9A19103F-16F7-4668-BE54-9A1E7A4F7556}") = "MathFunctions.Library", "MathFunctions.Library\MathFunctions.Library.csproj", "{701845F6-1399-45E0-A964-573BA51D7B89}"
EndProject
Project("{FAE04EC0-301F-11D3-BF4B-00C04F79EFBC}") = "MathFunctions.Test", "MathFunctions.Test\MathFunctions.Test.csproj", "{57D33786-07AB-4CC4-B272-610852AC8AF9}"
EndProject
Global
	GlobalSection(SolutionConfigurationPlatforms) = preSolution
		Debug|Any CPU = Debug|Any CPU
		Debug|x64 = Debug|x64
		Debug|x86 = Debug|x86
		Release|Any CPU = Release|Any CPU
		Release|x64 = Release|x64
		Release|x86 = Release|x86
	EndGlobalSection
	GlobalSection(ProjectConfigurationPlatforms) = postSolution
		{4887CE48-3835-474E-ADD5-1A3EC66274B4}.Debug|Any CPU.ActiveCfg = Debug|Any CPU
		{4887CE48-3835-474E-ADD5-1A3EC66274B4}.Debug|Any CPU.Build.0 = Debug|Any CPU
		{4887CE48-3835-474E-ADD5-1A3EC66274B4}.Debug|x64.ActiveCfg = Debug|Any CPU
		{4887CE48-3835-474E-ADD5-1A3EC66274B4}.Debug|x64.Build.0 = Debug|Any CPU
		{4887CE48-3835-474E-ADD5-1A3EC66274B4}.Debug|x86.ActiveCfg = Debug|Any CPU
		{4887CE48-3835-474E-ADD5-1A3EC66274B4}.Debug|x86.Build.0 = Debug|Any CPU
		{4887CE48-3835-474E-ADD5-1A3EC66274B4}.Release|Any CPU.ActiveCfg = Release|Any CPU
		{4887CE48-3835-474E-ADD5-1A3EC66274B4}.Release|Any CPU.Build.0 = Release|Any CPU
		{4887CE48-3835-474E-ADD5-1A3EC66274B4}.Release|x64.ActiveCfg = Release|Any CPU
		{4887CE48-3835-474E-ADD5-1A3EC66274B4}.Release|x64.Build.0 = Release|Any CPU
		{4887CE48-3835-474E-ADD5-1A3EC66274B4}.Release|x86.ActiveCfg = Release|Any CPU
		{4887CE48-3835-474E-ADD5-1A3EC66274B4}.Release|x86.Build.0 = Release|Any CPU
		{701845F6-1399-45E0-A964-573BA51D7B89}.Debug|Any CPU.ActiveCfg = Debug|Any CPU
		{701845F6-1399-45E0-A964-573BA51D7B89}.Debug|Any CPU.Build.0 = Debug|Any CPU
		{701845F6-1399-45E0-A964-573BA51D7B89}.Debug|x64.ActiveCfg = Debug|Any CPU
		{701845F6-1399-45E0-A964-573BA51D7B89}.Debug|x64.Build.0 = Debug|Any CPU
		{701845F6-1399-45E0-A964-573BA51D7B89}.Debug|x86.ActiveCfg = Debug|Any CPU
		{701845F6-1399-45E0-A964-573BA51D7B89}.Debug|x86.Build.0 = Debug|Any CPU
		{701845F6-1399-45E0-A964-573BA51D7B89}.Release|Any CPU.ActiveCfg = Release|Any CPU
		{701845F6-1399-45E0-A964-573BA51D7B89}.Release|Any CPU.Build.0 = Release|Any CPU
		{701845F6-1399-45E0-A964-573BA51D7B89}.Release|x64.ActiveCfg = Release|Any CPU
		{701845F6-1399-45E0-A964-573BA51D7B89}.Release|x64.Build.0 = Release|Any CPU
		{701845F6-1399-45E0-A964-573BA51D7B89}.Release|x86.ActiveCfg = Release|Any CPU
		{701845F6-1399-45E0-A964-573BA51D7B89}.Release|x86.Build.0 = Release|Any CPU
		{57D33786-07AB-4CC4-B272-610852AC8AF9}.Debug|Any CPU.ActiveCfg = Debug|Any CPU
		{57D33786-07AB-4CC4-B272-610852AC8AF9}.Debug|Any CPU.Build.0 = Debug|Any CPU
		{57D33786-07AB-4CC4-B272-610852AC8AF9}.Debug|x64.ActiveCfg = Debug|Any CPU
		{57D33786-07AB-4CC4-B272-610852AC8AF9}.Debug|x64.Build.0 = Debug|Any CPU
		{57D33786-07AB-4CC4-B272-610852AC8AF9}.Debug|x86.ActiveCfg = Debug|Any CPU
		{57D33786-07AB-4CC4-B272-610852AC8AF9}.Debug|x86.Build.0 = Debug|Any CPU
		{57D33786-07AB-4CC4-B272-610852AC8AF9}.Release|Any CPU.ActiveCfg = Release|Any CPU
		{57D33786-07AB-4CC4-B272-610852AC8AF9}.Release|Any CPU.Build.0 = Release|Any CPU
		{57D33786-07AB-4CC4-B272-610852AC8AF9}.Release|x64.ActiveCfg = Release|Any CPU
		{57D33786-07AB-4CC4-B272-610852AC8AF9}.Release|x64.Build.0 = Release|Any CPU
		{57D33786-07AB-4CC4-B272-610852AC8AF9}.Release|x86.ActiveCfg = Release|Any CPU
		{57D33786-07AB-4CC4-B272-610852AC8AF9}.Release|x86.Build.0 = Release|Any CPU
	EndGlobalSection
	GlobalSection(SolutionProperties) = preSolution
		HideSolutionNode = FALSE
	EndGlobalSection
	GlobalSection(ExtensibilityGlobals) = postSolution
		SolutionGuid = {2BFEAFFC-D980-44C6-B37A-936B6B7C8438}
	EndGlobalSection
EndGlobal
